// !$*UTF8*$!
{
	archiveVersion = 1;
	classes = {
	};
	objectVersion = 50;
	objects = {

/* Begin PBXBuildFile section */
		1F7DF56122F712B80066124C /* AppDelegate.swift in Sources */ = {isa = PBXBuildFile; fileRef = 1F7DF56022F712B80066124C /* AppDelegate.swift */; };
		1F7DF56322F712B80066124C /* ViewController.swift in Sources */ = {isa = PBXBuildFile; fileRef = 1F7DF56222F712B80066124C /* ViewController.swift */; };
		1F7DF56622F712B80066124C /* Main.storyboard in Resources */ = {isa = PBXBuildFile; fileRef = 1F7DF56422F712B80066124C /* Main.storyboard */; };
		1F7DF56822F712B90066124C /* Assets.xcassets in Resources */ = {isa = PBXBuildFile; fileRef = 1F7DF56722F712B90066124C /* Assets.xcassets */; };
		1F7DF56B22F712B90066124C /* LaunchScreen.storyboard in Resources */ = {isa = PBXBuildFile; fileRef = 1F7DF56922F712B90066124C /* LaunchScreen.storyboard */; };
		1F7DF57322F7131D0066124C /* Sceneas.sks in Resources */ = {isa = PBXBuildFile; fileRef = 1F7DF57222F7131D0066124C /* Sceneas.sks */; };
		1F7DF57522F7133D0066124C /* SceneClass.swift in Sources */ = {isa = PBXBuildFile; fileRef = 1F7DF57422F7133D0066124C /* SceneClass.swift */; };
		1F7DF57A22F739BA0066124C /* MenuScene.sks in Resources */ = {isa = PBXBuildFile; fileRef = 1F7DF57922F739BA0066124C /* MenuScene.sks */; };
		1F7DF57C22F739CC0066124C /* MenuScene.swift in Sources */ = {isa = PBXBuildFile; fileRef = 1F7DF57B22F739CC0066124C /* MenuScene.swift */; };
		1F7DF57F22F73D4A0066124C /* jojo.mp3 in Resources */ = {isa = PBXBuildFile; fileRef = 1F7DF57E22F73D4A0066124C /* jojo.mp3 */; };
		1F7DF58222F73D740066124C /* SoundHelper.swift in Sources */ = {isa = PBXBuildFile; fileRef = 1F7DF58122F73D740066124C /* SoundHelper.swift */; };
		1F7DF58922F7490A0066124C /* ezgif-1.png in Resources */ = {isa = PBXBuildFile; fileRef = 1F7DF58422F7490A0066124C /* ezgif-1.png */; };
		1F7DF58A22F7490A0066124C /* ezgif-3.png in Resources */ = {isa = PBXBuildFile; fileRef = 1F7DF58522F7490A0066124C /* ezgif-3.png */; };
		1F7DF58B22F7490A0066124C /* ezgif-4.png in Resources */ = {isa = PBXBuildFile; fileRef = 1F7DF58622F7490A0066124C /* ezgif-4.png */; };
		1F7DF58C22F7490A0066124C /* ezgif-2.png in Resources */ = {isa = PBXBuildFile; fileRef = 1F7DF58722F7490A0066124C /* ezgif-2.png */; };
		1F7DF58D22F7490A0066124C /* ezgif.png in Resources */ = {isa = PBXBuildFile; fileRef = 1F7DF58822F7490A0066124C /* ezgif.png */; };
/* End PBXBuildFile section */

/* Begin PBXFileReference section */
		1F7DF55D22F712B80066124C /* ARExperiment.app */ = {isa = PBXFileReference; explicitFileType = wrapper.application; includeInIndex = 0; path = ARExperiment.app; sourceTree = BUILT_PRODUCTS_DIR; };
		1F7DF56022F712B80066124C /* AppDelegate.swift */ = {isa = PBXFileReference; lastKnownFileType = sourcecode.swift; path = AppDelegate.swift; sourceTree = "<group>"; };
		1F7DF56222F712B80066124C /* ViewController.swift */ = {isa = PBXFileReference; lastKnownFileType = sourcecode.swift; path = ViewController.swift; sourceTree = "<group>"; };
		1F7DF56522F712B80066124C /* Base */ = {isa = PBXFileReference; lastKnownFileType = file.storyboard; name = Base; path = Base.lproj/Main.storyboard; sourceTree = "<group>"; };
		1F7DF56722F712B90066124C /* Assets.xcassets */ = {isa = PBXFileReference; lastKnownFileType = folder.assetcatalog; path = Assets.xcassets; sourceTree = "<group>"; };
		1F7DF56A22F712B90066124C /* Base */ = {isa = PBXFileReference; lastKnownFileType = file.storyboard; name = Base; path = Base.lproj/LaunchScreen.storyboard; sourceTree = "<group>"; };
		1F7DF56C22F712B90066124C /* Info.plist */ = {isa = PBXFileReference; lastKnownFileType = text.plist.xml; path = Info.plist; sourceTree = "<group>"; };
		1F7DF57222F7131D0066124C /* Sceneas.sks */ = {isa = PBXFileReference; lastKnownFileType = file.sks; path = Sceneas.sks; sourceTree = "<group>"; };
		1F7DF57422F7133D0066124C /* SceneClass.swift */ = {isa = PBXFileReference; lastKnownFileType = sourcecode.swift; path = SceneClass.swift; sourceTree = "<group>"; };
		1F7DF57922F739BA0066124C /* MenuScene.sks */ = {isa = PBXFileReference; lastKnownFileType = file.sks; path = MenuScene.sks; sourceTree = "<group>"; };
		1F7DF57B22F739CC0066124C /* MenuScene.swift */ = {isa = PBXFileReference; lastKnownFileType = sourcecode.swift; path = MenuScene.swift; sourceTree = "<group>"; };
		1F7DF57E22F73D4A0066124C /* jojo.mp3 */ = {isa = PBXFileReference; lastKnownFileType = audio.mp3; path = jojo.mp3; sourceTree = "<group>"; };
		1F7DF58122F73D740066124C /* SoundHelper.swift */ = {isa = PBXFileReference; lastKnownFileType = sourcecode.swift; path = SoundHelper.swift; sourceTree = "<group>"; };
		1F7DF58422F7490A0066124C /* ezgif-1.png */ = {isa = PBXFileReference; lastKnownFileType = image.png; path = "ezgif-1.png"; sourceTree = "<group>"; };
		1F7DF58522F7490A0066124C /* ezgif-3.png */ = {isa = PBXFileReference; lastKnownFileType = image.png; path = "ezgif-3.png"; sourceTree = "<group>"; };
		1F7DF58622F7490A0066124C /* ezgif-4.png */ = {isa = PBXFileReference; lastKnownFileType = image.png; path = "ezgif-4.png"; sourceTree = "<group>"; };
		1F7DF58722F7490A0066124C /* ezgif-2.png */ = {isa = PBXFileReference; lastKnownFileType = image.png; path = "ezgif-2.png"; sourceTree = "<group>"; };
		1F7DF58822F7490A0066124C /* ezgif.png */ = {isa = PBXFileReference; lastKnownFileType = image.png; path = ezgif.png; sourceTree = "<group>"; };
/* End PBXFileReference section */

/* Begin PBXFrameworksBuildPhase section */
		1F7DF55A22F712B80066124C /* Frameworks */ = {
			isa = PBXFrameworksBuildPhase;
			buildActionMask = 2147483647;
			files = (
			);
			runOnlyForDeploymentPostprocessing = 0;
		};
/* End PBXFrameworksBuildPhase section */

/* Begin PBXGroup section */
		1F7DF55422F712B80066124C = {
			isa = PBXGroup;
			children = (
				1F7DF55F22F712B80066124C /* ARExperiment */,
				1F7DF55E22F712B80066124C /* Products */,
			);
			sourceTree = "<group>";
		};
		1F7DF55E22F712B80066124C /* Products */ = {
			isa = PBXGroup;
			children = (
				1F7DF55D22F712B80066124C /* ARExperiment.app */,
			);
			name = Products;
			sourceTree = "<group>";
		};
		1F7DF55F22F712B80066124C /* ARExperiment */ = {
			isa = PBXGroup;
			children = (
				1F7DF58022F73D5D0066124C /* Helper */,
				1F7DF57D22F73D1B0066124C /* Resources */,
				1F7DF56022F712B80066124C /* AppDelegate.swift */,
				1F7DF56222F712B80066124C /* ViewController.swift */,
				1F7DF57822F738EA0066124C /* Scene Files */,
				1F7DF57722F738E10066124C /* Sprites */,
				1F7DF57622F738D40066124C /* Scene Classes */,
				1F7DF56422F712B80066124C /* Main.storyboard */,
				1F7DF56922F712B90066124C /* LaunchScreen.storyboard */,
				1F7DF56722F712B90066124C /* Assets.xcassets */,
				1F7DF56C22F712B90066124C /* Info.plist */,
			);
			path = ARExperiment;
			sourceTree = "<group>";
		};
		1F7DF57622F738D40066124C /* Scene Classes */ = {
			isa = PBXGroup;
			children = (
				1F7DF57422F7133D0066124C /* SceneClass.swift */,
				1F7DF57B22F739CC0066124C /* MenuScene.swift */,
			);
			path = "Scene Classes";
			sourceTree = "<group>";
		};
		1F7DF57722F738E10066124C /* Sprites */ = {
			isa = PBXGroup;
			children = (
			);
			path = Sprites;
			sourceTree = "<group>";
		};
		1F7DF57822F738EA0066124C /* Scene Files */ = {
			isa = PBXGroup;
			children = (
				1F7DF57222F7131D0066124C /* Sceneas.sks */,
				1F7DF57922F739BA0066124C /* MenuScene.sks */,
			);
			path = "Scene Files";
			sourceTree = "<group>";
		};
		1F7DF57D22F73D1B0066124C /* Resources */ = {
			isa = PBXGroup;
			children = (
				1F7DF58322F748F70066124C /* jojo_atlas */,
				1F7DF57E22F73D4A0066124C /* jojo.mp3 */,
			);
			path = Resources;
			sourceTree = "<group>";
		};
		1F7DF58022F73D5D0066124C /* Helper */ = {
			isa = PBXGroup;
			children = (
				1F7DF58122F73D740066124C /* SoundHelper.swift */,
			);
			path = Helper;
			sourceTree = "<group>";
		};
		1F7DF58322F748F70066124C /* jojo_atlas */ = {
			isa = PBXGroup;
			children = (
				1F7DF58422F7490A0066124C /* ezgif-1.png */,
				1F7DF58722F7490A0066124C /* ezgif-2.png */,
				1F7DF58522F7490A0066124C /* ezgif-3.png */,
				1F7DF58622F7490A0066124C /* ezgif-4.png */,
				1F7DF58822F7490A0066124C /* ezgif.png */,
			);
			path = jojo_atlas;
			sourceTree = "<group>";
		};
/* End PBXGroup section */

/* Begin PBXNativeTarget section */
		1F7DF55C22F712B80066124C /* ARExperiment */ = {
			isa = PBXNativeTarget;
			buildConfigurationList = 1F7DF56F22F712B90066124C /* Build configuration list for PBXNativeTarget "ARExperiment" */;
			buildPhases = (
				1F7DF55922F712B80066124C /* Sources */,
				1F7DF55A22F712B80066124C /* Frameworks */,
				1F7DF55B22F712B80066124C /* Resources */,
			);
			buildRules = (
			);
			dependencies = (
			);
			name = ARExperiment;
			productName = ARExperiment;
			productReference = 1F7DF55D22F712B80066124C /* ARExperiment.app */;
			productType = "com.apple.product-type.application";
		};
/* End PBXNativeTarget section */

/* Begin PBXProject section */
		1F7DF55522F712B80066124C /* Project object */ = {
			isa = PBXProject;
			attributes = {
				LastSwiftUpdateCheck = 1020;
				LastUpgradeCheck = 1020;
				ORGANIZATIONNAME = Salgara;
				TargetAttributes = {
					1F7DF55C22F712B80066124C = {
						CreatedOnToolsVersion = 10.2.1;
					};
				};
			};
			buildConfigurationList = 1F7DF55822F712B80066124C /* Build configuration list for PBXProject "ARExperiment" */;
			compatibilityVersion = "Xcode 9.3";
			developmentRegion = en;
			hasScannedForEncodings = 0;
			knownRegions = (
				en,
				Base,
			);
			mainGroup = 1F7DF55422F712B80066124C;
			productRefGroup = 1F7DF55E22F712B80066124C /* Products */;
			projectDirPath = "";
			projectRoot = "";
			targets = (
				1F7DF55C22F712B80066124C /* ARExperiment */,
			);
		};
/* End PBXProject section */

/* Begin PBXResourcesBuildPhase section */
		1F7DF55B22F712B80066124C /* Resources */ = {
			isa = PBXResourcesBuildPhase;
			buildActionMask = 2147483647;
			files = (
				1F7DF58C22F7490A0066124C /* ezgif-2.png in Resources */,
				1F7DF57322F7131D0066124C /* Sceneas.sks in Resources */,
				1F7DF56B22F712B90066124C /* LaunchScreen.storyboard in Resources */,
				1F7DF58B22F7490A0066124C /* ezgif-4.png in Resources */,
				1F7DF56822F712B90066124C /* Assets.xcassets in Resources */,
				1F7DF58A22F7490A0066124C /* ezgif-3.png in Resources */,
				1F7DF58D22F7490A0066124C /* ezgif.png in Resources */,
				1F7DF57F22F73D4A0066124C /* jojo.mp3 in Resources */,
				1F7DF57A22F739BA0066124C /* MenuScene.sks in Resources */,
				1F7DF58922F7490A0066124C /* ezgif-1.png in Resources */,
				1F7DF56622F712B80066124C /* Main.storyboard in Resources */,
			);
			runOnlyForDeploymentPostprocessing = 0;
		};
/* End PBXResourcesBuildPhase section */

/* Begin PBXSourcesBuildPhase section */
		1F7DF55922F712B80066124C /* Sources */ = {
			isa = PBXSourcesBuildPhase;
			buildActionMask = 2147483647;
			files = (
				1F7DF57522F7133D0066124C /* SceneClass.swift in Sources */,
				1F7DF58222F73D740066124C /* SoundHelper.swift in Sources */,
				1F7DF57C22F739CC0066124C /* MenuScene.swift in Sources */,
				1F7DF56322F712B80066124C /* ViewController.swift in Sources */,
				1F7DF56122F712B80066124C /* AppDelegate.swift in Sources */,
			);
			runOnlyForDeploymentPostprocessing = 0;
		};
/* End PBXSourcesBuildPhase section */

/* Begin PBXVariantGroup section */
		1F7DF56422F712B80066124C /* Main.storyboard */ = {
			isa = PBXVariantGroup;
			children = (
				1F7DF56522F712B80066124C /* Base */,
			);
			name = Main.storyboard;
			sourceTree = "<group>";
		};
		1F7DF56922F712B90066124C /* LaunchScreen.storyboard */ = {
			isa = PBXVariantGroup;
			children = (
				1F7DF56A22F712B90066124C /* Base */,
			);
			name = LaunchScreen.storyboard;
			sourceTree = "<group>";
		};
/* End PBXVariantGroup section */

/* Begin XCBuildConfiguration section */
		1F7DF56D22F712B90066124C /* Debug */ = {
			isa = XCBuildConfiguration;
			buildSettings = {
				ALWAYS_SEARCH_USER_PATHS = NO;
				CLANG_ANALYZER_NONNULL = YES;
				CLANG_ANALYZER_NUMBER_OBJECT_CONVERSION = YES_AGGRESSIVE;
				CLANG_CXX_LANGUAGE_STANDARD = "gnu++14";
				CLANG_CXX_LIBRARY = "libc++";
				CLANG_ENABLE_MODULES = YES;
				CLANG_ENABLE_OBJC_ARC = YES;
				CLANG_ENABLE_OBJC_WEAK = YES;
				CLANG_WARN_BLOCK_CAPTURE_AUTORELEASING = YES;
				CLANG_WARN_BOOL_CONVERSION = YES;
				CLANG_WARN_COMMA = YES;
				CLANG_WARN_CONSTANT_CONVERSION = YES;
				CLANG_WARN_DEPRECATED_OBJC_IMPLEMENTATIONS = YES;
				CLANG_WARN_DIRECT_OBJC_ISA_USAGE = YES_ERROR;
				CLANG_WARN_DOCUMENTATION_COMMENTS = YES;
				CLANG_WARN_EMPTY_BODY = YES;
				CLANG_WARN_ENUM_CONVERSION = YES;
				CLANG_WARN_INFINITE_RECURSION = YES;
				CLANG_WARN_INT_CONVERSION = YES;
				CLANG_WARN_NON_LITERAL_NULL_CONVERSION = YES;
				CLANG_WARN_OBJC_IMPLICIT_RETAIN_SELF = YES;
				CLANG_WARN_OBJC_LITERAL_CONVERSION = YES;
				CLANG_WARN_OBJC_ROOT_CLASS = YES_ERROR;
				CLANG_WARN_RANGE_LOOP_ANALYSIS = YES;
				CLANG_WARN_STRICT_PROTOTYPES = YES;
				CLANG_WARN_SUSPICIOUS_MOVE = YES;
				CLANG_WARN_UNGUARDED_AVAILABILITY = YES_AGGRESSIVE;
				CLANG_WARN_UNREACHABLE_CODE = YES;
				CLANG_WARN__DUPLICATE_METHOD_MATCH = YES;
				CODE_SIGN_IDENTITY = "iPhone Developer";
				COPY_PHASE_STRIP = NO;
				DEBUG_INFORMATION_FORMAT = dwarf;
				ENABLE_STRICT_OBJC_MSGSEND = YES;
				ENABLE_TESTABILITY = YES;
				GCC_C_LANGUAGE_STANDARD = gnu11;
				GCC_DYNAMIC_NO_PIC = NO;
				GCC_NO_COMMON_BLOCKS = YES;
				GCC_OPTIMIZATION_LEVEL = 0;
				GCC_PREPROCESSOR_DEFINITIONS = (
					"DEBUG=1",
					"$(inherited)",
				);
				GCC_WARN_64_TO_32_BIT_CONVERSION = YES;
				GCC_WARN_ABOUT_RETURN_TYPE = YES_ERROR;
				GCC_WARN_UNDECLARED_SELECTOR = YES;
				GCC_WARN_UNINITIALIZED_AUTOS = YES_AGGRESSIVE;
				GCC_WARN_UNUSED_FUNCTION = YES;
				GCC_WARN_UNUSED_VARIABLE = YES;
				IPHONEOS_DEPLOYMENT_TARGET = 12.2;
				MTL_ENABLE_DEBUG_INFO = INCLUDE_SOURCE;
				MTL_FAST_MATH = YES;
				ONLY_ACTIVE_ARCH = YES;
				SDKROOT = iphoneos;
				SWIFT_ACTIVE_COMPILATION_CONDITIONS = DEBUG;
				SWIFT_OPTIMIZATION_LEVEL = "-Onone";
			};
			name = Debug;
		};
		1F7DF56E22F712B90066124C /* Release */ = {
			isa = XCBuildConfiguration;
			buildSettings = {
				ALWAYS_SEARCH_USER_PATHS = NO;
				CLANG_ANALYZER_NONNULL = YES;
				CLANG_ANALYZER_NUMBER_OBJECT_CONVERSION = YES_AGGRESSIVE;
				CLANG_CXX_LANGUAGE_STANDARD = "gnu++14";
				CLANG_CXX_LIBRARY = "libc++";
				CLANG_ENABLE_MODULES = YES;
				CLANG_ENABLE_OBJC_ARC = YES;
				CLANG_ENABLE_OBJC_WEAK = YES;
				CLANG_WARN_BLOCK_CAPTURE_AUTORELEASING = YES;
				CLANG_WARN_BOOL_CONVERSION = YES;
				CLANG_WARN_COMMA = YES;
				CLANG_WARN_CONSTANT_CONVERSION = YES;
				CLANG_WARN_DEPRECATED_OBJC_IMPLEMENTATIONS = YES;
				CLANG_WARN_DIRECT_OBJC_ISA_USAGE = YES_ERROR;
				CLANG_WARN_DOCUMENTATION_COMMENTS = YES;
				CLANG_WARN_EMPTY_BODY = YES;
				CLANG_WARN_ENUM_CONVERSION = YES;
				CLANG_WARN_INFINITE_RECURSION = YES;
				CLANG_WARN_INT_CONVERSION = YES;
				CLANG_WARN_NON_LITERAL_NULL_CONVERSION = YES;
				CLANG_WARN_OBJC_IMPLICIT_RETAIN_SELF = YES;
				CLANG_WARN_OBJC_LITERAL_CONVERSION = YES;
				CLANG_WARN_OBJC_ROOT_CLASS = YES_ERROR;
				CLANG_WARN_RANGE_LOOP_ANALYSIS = YES;
				CLANG_WARN_STRICT_PROTOTYPES = YES;
				CLANG_WARN_SUSPICIOUS_MOVE = YES;
				CLANG_WARN_UNGUARDED_AVAILABILITY = YES_AGGRESSIVE;
				CLANG_WARN_UNREACHABLE_CODE = YES;
				CLANG_WARN__DUPLICATE_METHOD_MATCH = YES;
				CODE_SIGN_IDENTITY = "iPhone Developer";
				COPY_PHASE_STRIP = NO;
				DEBUG_INFORMATION_FORMAT = "dwarf-with-dsym";
				ENABLE_NS_ASSERTIONS = NO;
				ENABLE_STRICT_OBJC_MSGSEND = YES;
				GCC_C_LANGUAGE_STANDARD = gnu11;
				GCC_NO_COMMON_BLOCKS = YES;
				GCC_WARN_64_TO_32_BIT_CONVERSION = YES;
				GCC_WARN_ABOUT_RETURN_TYPE = YES_ERROR;
				GCC_WARN_UNDECLARED_SELECTOR = YES;
				GCC_WARN_UNINITIALIZED_AUTOS = YES_AGGRESSIVE;
				GCC_WARN_UNUSED_FUNCTION = YES;
				GCC_WARN_UNUSED_VARIABLE = YES;
				IPHONEOS_DEPLOYMENT_TARGET = 12.2;
				MTL_ENABLE_DEBUG_INFO = NO;
				MTL_FAST_MATH = YES;
				SDKROOT = iphoneos;
				SWIFT_COMPILATION_MODE = wholemodule;
				SWIFT_OPTIMIZATION_LEVEL = "-O";
				VALIDATE_PRODUCT = YES;
			};
			name = Release;
		};
		1F7DF57022F712B90066124C /* Debug */ = {
			isa = XCBuildConfiguration;
			buildSettings = {
				ASSETCATALOG_COMPILER_APPICON_NAME = AppIcon;
				CODE_SIGN_STYLE = Automatic;
				DEVELOPMENT_TEAM = FT7ZNMJMWK;
				INFOPLIST_FILE = ARExperiment/Info.plist;
				LD_RUNPATH_SEARCH_PATHS = (
					"$(inherited)",
					"@executable_path/Frameworks",
				);
				PRODUCT_BUNDLE_IDENTIFIER = salgara.com.ARExperiment;
				PRODUCT_NAME = "$(TARGET_NAME)";
				SWIFT_VERSION = 5.0;
				TARGETED_DEVICE_FAMILY = "1,2";
			};
			name = Debug;
		};
		1F7DF57122F712B90066124C /* Release */ = {
			isa = XCBuildConfiguration;
			buildSettings = {
				ASSETCATALOG_COMPILER_APPICON_NAME = AppIcon;
				CODE_SIGN_STYLE = Automatic;
				DEVELOPMENT_TEAM = FT7ZNMJMWK;
				INFOPLIST_FILE = ARExperiment/Info.plist;
				LD_RUNPATH_SEARCH_PATHS = (
					"$(inherited)",
					"@executable_path/Frameworks",
				);
				PRODUCT_BUNDLE_IDENTIFIER = salgara.com.ARExperiment;
				PRODUCT_NAME = "$(TARGET_NAME)";
				SWIFT_VERSION = 5.0;
				TARGETED_DEVICE_FAMILY = "1,2";
			};
			name = Release;
		};
/* End XCBuildConfiguration section */

/* Begin XCConfigurationList section */
		1F7DF55822F712B80066124C /* Build configuration list for PBXProject "ARExperiment" */ = {
			isa = XCConfigurationList;
			buildConfigurations = (
				1F7DF56D22F712B90066124C /* Debug */,
				1F7DF56E22F712B90066124C /* Release */,
			);
			defaultConfigurationIsVisible = 0;
			defaultConfigurationName = Release;
		};
		1F7DF56F22F712B90066124C /* Build configuration list for PBXNativeTarget "ARExperiment" */ = {
			isa = XCConfigurationList;
			buildConfigurations = (
				1F7DF57022F712B90066124C /* Debug */,
				1F7DF57122F712B90066124C /* Release */,
			);
			defaultConfigurationIsVisible = 0;
			defaultConfigurationName = Release;
		};
/* End XCConfigurationList section */
	};
	rootObject = 1F7DF55522F712B80066124C /* Project object */;
}
